<?xml version="1.0" encoding="utf-8"?>
<Project ToolsVersion="4.0" xmlns="http://schemas.microsoft.com/developer/msbuild/2003">
  <ItemGroup>
    <Filter Include="Source Files">
      <UniqueIdentifier>{4FC737F1-C7A5-4376-A066-2A32D752A2FF}</UniqueIdentifier>
      <Extensions>cpp;c;cc;cxx;def;odl;idl;hpj;bat;asm;asmx</Extensions>
    </Filter>
    <Filter Include="Header Files">
      <UniqueIdentifier>{93995380-89BD-4b04-88EB-625FBE52EBFB}</UniqueIdentifier>
      <Extensions>h;hpp;hxx;hm;inl;inc;xsd</Extensions>
    </Filter>
    <Filter Include="Resource Files">
      <UniqueIdentifier>{67DA6AB6-F800-4c08-8B7A-83BB121AAD01}</UniqueIdentifier>
      <Extensions>rc;ico;cur;bmp;dlg;rc2;rct;bin;rgs;gif;jpg;jpeg;jpe;resx;tiff;tif;png;wav</Extensions>
    </Filter>
  </ItemGroup>
  <ItemGroup>
    <ClCompile Include="src\slArgHandler.cpp">
      <Filter>Source Files</Filter>
    </ClCompile>
    <ClCompile Include="src\slClock.cpp">
      <Filter>Source Files</Filter>
    </ClCompile>
    <ClCompile Include="src\slContours.cpp">
      <Filter>Source Files</Filter>
    </ClCompile>
    <ClCompile Include="src\slCore.cpp">
      <Filter>Source Files</Filter>
    </ClCompile>
    <ClCompile Include="src\slException.cpp">
      <Filter>Source Files</Filter>
    </ClCompile>
    <ClCompile Include="src\slQuantParams.cpp">
      <Filter>Source Files</Filter>
    </ClCompile>
    <ClCompile Include="src\slWindow.cpp">
      <Filter>Source Files</Filter>
    </ClCompile>
    <ClCompile Include="src\slHistogram3ch.cpp">
      <Filter>Source Files</Filter>
    </ClCompile>
    <ClCompile Include="src\slRectPixels.cpp">
      <Filter>Source Files</Filter>
    </ClCompile>
    <ClCompile Include="src\slParamGenerator.cpp">
      <Filter>Source Files</Filter>
    </ClCompile>
  </ItemGroup>
  <ItemGroup>
    <ClInclude Include="include\slArgHandler.h">
      <Filter>Header Files</Filter>
    </ClInclude>
    <ClInclude Include="include\slClock.h">
      <Filter>Header Files</Filter>
    </ClInclude>
    <ClInclude Include="include\slContours.h">
      <Filter>Header Files</Filter>
    </ClInclude>
    <ClInclude Include="include\slCore.h">
      <Filter>Header Files</Filter>
    </ClInclude>
    <ClInclude Include="include\slException.h">
      <Filter>Header Files</Filter>
    </ClInclude>
    <ClInclude Include="include\slQuantParams.h">
      <Filter>Header Files</Filter>
    </ClInclude>
    <ClInclude Include="include\slWindow.h">
      <Filter>Header Files</Filter>
    </ClInclude>
    <ClInclude Include="include\slHistogram3ch.h">
      <Filter>Header Files</Filter>
    </ClInclude>
    <ClInclude Include="include\slRectPixels.h">
      <Filter>Header Files</Filter>
    </ClInclude>
    <ClInclude Include="include\slParamGenerator.h">
      <Filter>Header Files</Filter>
    </ClInclude>
  </ItemGroup>
</Project>