<?xml version="1.0" encoding="utf-8"?>
<Project ToolsVersion="4.0" xmlns="http://schemas.microsoft.com/developer/msbuild/2003">
  <ItemGroup>
    <Filter Include="Source Files">
      <UniqueIdentifier>{4FC737F1-C7A5-4376-A066-2A32D752A2FF}</UniqueIdentifier>
      <Extensions>cpp;c;cc;cxx;def;odl;idl;hpj;bat;asm;asmx</Extensions>
    </Filter>
    <Filter Include="Source Files\Cameras">
      <UniqueIdentifier>{e8d0c750-f9af-4f65-a8a7-f5bda90dd4d1}</UniqueIdentifier>
    </Filter>
    <Filter Include="Source Files\ActiveX">
      <UniqueIdentifier>{fb79265f-bd25-4a47-bad4-6eeee535b3e1}</UniqueIdentifier>
    </Filter>
    <Filter Include="Source Files\GUI">
      <UniqueIdentifier>{deaa1be4-c557-4924-aace-24734f071879}</UniqueIdentifier>
    </Filter>
    <Filter Include="Header Files">
      <UniqueIdentifier>{93995380-89BD-4b04-88EB-625FBE52EBFB}</UniqueIdentifier>
      <Extensions>h;hpp;hxx;hm;inl;inc;xsd</Extensions>
    </Filter>
    <Filter Include="Header Files\Cameras">
      <UniqueIdentifier>{d6686829-328a-49af-af1b-5562758c50cb}</UniqueIdentifier>
    </Filter>
    <Filter Include="Header Files\ActiveX">
      <UniqueIdentifier>{0a712fc7-384d-444f-ab90-473f104c32e7}</UniqueIdentifier>
    </Filter>
    <Filter Include="Header Files\GUI">
      <UniqueIdentifier>{01088c27-bd13-42a4-8c2f-595e3a022e7a}</UniqueIdentifier>
    </Filter>
    <Filter Include="Resource Files">
      <UniqueIdentifier>{67DA6AB6-F800-4c08-8B7A-83BB121AAD01}</UniqueIdentifier>
      <Extensions>rc;ico;cur;bmp;dlg;rc2;rct;bin;rgs;gif;jpg;jpeg;jpe;resx;tiff;tif;png;wav</Extensions>
    </Filter>
  </ItemGroup>
  <ItemGroup>
    <ClCompile Include="slCam.cpp">
      <Filter>Source Files</Filter>
    </ClCompile>
    <ClCompile Include="stdafx.cpp">
      <Filter>Source Files</Filter>
    </ClCompile>
    <ClCompile Include="src\slCamIn.cpp">
      <Filter>Source Files\Cameras</Filter>
    </ClCompile>
    <ClCompile Include="src\slUnibrainCam.cpp">
      <Filter>Source Files\Cameras</Filter>
    </ClCompile>
    <ClCompile Include="src\slIpelaCam.cpp">
      <Filter>Source Files\Cameras</Filter>
    </ClCompile>
    <ClCompile Include="src\slCameraSynchro.cpp">
      <Filter>Source Files</Filter>
    </ClCompile>
  </ItemGroup>
  <ItemGroup>
    <None Include="slCam.def">
      <Filter>Source Files</Filter>
    </None>
    <None Include="slCamd.def">
      <Filter>Source Files</Filter>
    </None>
    <None Include="res\slCam.rc2">
      <Filter>Resource Files</Filter>
    </None>
    <None Include="ReadMe.txt" />
  </ItemGroup>
  <ItemGroup>
    <ClInclude Include="resource.h">
      <Filter>Header Files</Filter>
    </ClInclude>
    <ClInclude Include="slCam.h">
      <Filter>Header Files</Filter>
    </ClInclude>
    <ClInclude Include="stdafx.h">
      <Filter>Header Files</Filter>
    </ClInclude>
    <ClInclude Include="targetver.h">
      <Filter>Header Files</Filter>
    </ClInclude>
    <ClInclude Include="include\slCamIn.h">
      <Filter>Header Files\Cameras</Filter>
    </ClInclude>
    <ClInclude Include="include\slUnibrainCam.h">
      <Filter>Header Files\Cameras</Filter>
    </ClInclude>
    <ClInclude Include="include\slIpelaCam.h">
      <Filter>Header Files\Cameras</Filter>
    </ClInclude>
    <ClInclude Include="include\slCameraSynchro.h">
      <Filter>Header Files</Filter>
    </ClInclude>
  </ItemGroup>
  <ItemGroup>
    <ResourceCompile Include="slCam.rc">
      <Filter>Resource Files</Filter>
    </ResourceCompile>
  </ItemGroup>
</Project>